
Microsoft Visual Studio Solution File, Format Version 12.00
# Visual Studio Version 16
VisualStudioVersion = 16.0.32106.194
MinimumVisualStudioVersion = 10.0.40219.1
Project("{FAE04EC0-301F-11D3-BF4B-00C04F79EFBC}") = "UML1_pizzaStore", "UML1_pizzaStore\UML1_pizzaStore.csproj", "{4407991C-9AF3-4A00-8658-B96AA8ED36F0}"
EndProject
Global
	GlobalSection(SolutionConfigurationPlatforms) = preSolution
		Debug|Any CPU = Debug|Any CPU
		Release|Any CPU = Release|Any CPU
	EndGlobalSection
	GlobalSection(ProjectConfigurationPlatforms) = postSolution
		{4407991C-9AF3-4A00-8658-B96AA8ED36F0}.Debug|Any CPU.ActiveCfg = Debug|Any CPU
		{4407991C-9AF3-4A00-8658-B96AA8ED36F0}.Debug|Any CPU.Build.0 = Debug|Any CPU
		{4407991C-9AF3-4A00-8658-B96AA8ED36F0}.Release|Any CPU.ActiveCfg = Release|Any CPU
		{4407991C-9AF3-4A00-8658-B96AA8ED36F0}.Release|Any CPU.Build.0 = Release|Any CPU
	EndGlobalSection
	GlobalSection(SolutionProperties) = preSolution
		HideSolutionNode = FALSE
	EndGlobalSection
	GlobalSection(ExtensibilityGlobals) = postSolution
		SolutionGuid = {197820C5-C118-4F6D-81F1-4999CC8EFB3E}
	EndGlobalSection
EndGlobal
